
Microsoft Visual Studio Solution File, Format Version 12.00
# Visual Studio Version 17
VisualStudioVersion = 17.1.32210.238
MinimumVisualStudioVersion = 10.0.40219.1
Project("{9A19103F-16F7-4668-BE54-9A1E7A4F7556}") = "BasicCoreProgram", "LogicalProblems\BasicCoreProgram.csproj", "{1C180779-3F57-460C-8295-83AF66072277}"
EndProject
Global
	GlobalSection(SolutionConfigurationPlatforms) = preSolution
		Debug|Any CPU = Debug|Any CPU
		Release|Any CPU = Release|Any CPU
	EndGlobalSection
	GlobalSection(ProjectConfigurationPlatforms) = postSolution
		{1C180779-3F57-460C-8295-83AF66072277}.Debug|Any CPU.ActiveCfg = Debug|Any CPU
		{1C180779-3F57-460C-8295-83AF66072277}.Debug|Any CPU.Build.0 = Debug|Any CPU
		{1C180779-3F57-460C-8295-83AF66072277}.Release|Any CPU.ActiveCfg = Release|Any CPU
		{1C180779-3F57-460C-8295-83AF66072277}.Release|Any CPU.Build.0 = Release|Any CPU
	EndGlobalSection
	GlobalSection(SolutionProperties) = preSolution
		HideSolutionNode = FALSE
	EndGlobalSection
	GlobalSection(ExtensibilityGlobals) = postSolution
		SolutionGuid = {4C736D8C-DF91-4C3A-86BB-48F6A7BDA6B0}
	EndGlobalSection
EndGlobal
